
Microsoft Visual Studio Solution File, Format Version 12.00
# Visual Studio Version 16
VisualStudioVersion = 16.0.30114.105
MinimumVisualStudioVersion = 10.0.40219.1
Project("{FAE04EC0-301F-11D3-BF4B-00C04F79EFBC}") = "backend", "backend\backend.csproj", "{75C9FF4A-D1B9-482C-A1E3-4B39AF74C736}"
EndProject
Project("{FAE04EC0-301F-11D3-BF4B-00C04F79EFBC}") = "backendtest", "backendtest\backendtest.csproj", "{7B4CC662-9280-4E50-8A79-C757CB944B01}"
EndProject
Global
	GlobalSection(SolutionConfigurationPlatforms) = preSolution
		Debug|Any CPU = Debug|Any CPU
		Release|Any CPU = Release|Any CPU
	EndGlobalSection
	GlobalSection(SolutionProperties) = preSolution
		HideSolutionNode = FALSE
	EndGlobalSection
	GlobalSection(ProjectConfigurationPlatforms) = postSolution
		{75C9FF4A-D1B9-482C-A1E3-4B39AF74C736}.Debug|Any CPU.ActiveCfg = Debug|Any CPU
		{75C9FF4A-D1B9-482C-A1E3-4B39AF74C736}.Debug|Any CPU.Build.0 = Debug|Any CPU
		{75C9FF4A-D1B9-482C-A1E3-4B39AF74C736}.Release|Any CPU.ActiveCfg = Release|Any CPU
		{75C9FF4A-D1B9-482C-A1E3-4B39AF74C736}.Release|Any CPU.Build.0 = Release|Any CPU
		{7B4CC662-9280-4E50-8A79-C757CB944B01}.Debug|Any CPU.ActiveCfg = Debug|Any CPU
		{7B4CC662-9280-4E50-8A79-C757CB944B01}.Debug|Any CPU.Build.0 = Debug|Any CPU
		{7B4CC662-9280-4E50-8A79-C757CB944B01}.Release|Any CPU.ActiveCfg = Release|Any CPU
		{7B4CC662-9280-4E50-8A79-C757CB944B01}.Release|Any CPU.Build.0 = Release|Any CPU
	EndGlobalSection
EndGlobal
